// !$*UTF8*$!
{
	archiveVersion = 1;
	classes = {
	};
	objectVersion = 46;
	objects = {

/* Begin PBXBuildFile section */
		4E2FD4CD1B47C12E00DB7E11 /* pickView.m in Sources */ = {isa = PBXBuildFile; fileRef = 4E2FD4CC1B47C12E00DB7E11 /* pickView.m */; };
		4E2FD4D01B47C61E00DB7E11 /* CalendarView.m in Sources */ = {isa = PBXBuildFile; fileRef = 4E2FD4CF1B47C61E00DB7E11 /* CalendarView.m */; };
		4E70CF6C1B4A173800A88A4D /* TodayViewController.m in Sources */ = {isa = PBXBuildFile; fileRef = 4E70CF6B1B4A173800A88A4D /* TodayViewController.m */; };
		4E70CF6F1B4A176000A88A4D /* CalendarsViewController.m in Sources */ = {isa = PBXBuildFile; fileRef = 4E70CF6E1B4A176000A88A4D /* CalendarsViewController.m */; };
		4E70CF721B4A177A00A88A4D /* AddCalendarsViewController.m in Sources */ = {isa = PBXBuildFile; fileRef = 4E70CF711B4A177A00A88A4D /* AddCalendarsViewController.m */; };
		4E70CF751B4A186F00A88A4D /* SecondCarlendarViewController.m in Sources */ = {isa = PBXBuildFile; fileRef = 4E70CF741B4A186F00A88A4D /* SecondCarlendarViewController.m */; };
		4E70CF7A1B4A1AE700A88A4D /* tabbar_background@2x.png in Resources */ = {isa = PBXBuildFile; fileRef = 4E70CF781B4A1AE700A88A4D /* tabbar_background@2x.png */; };
		4E70CF7B1B4A1AE700A88A4D /* tabbar_slider@2x.png in Resources */ = {isa = PBXBuildFile; fileRef = 4E70CF791B4A1AE700A88A4D /* tabbar_slider@2x.png */; };
		4E70CF7D1B4A741200A88A4D /* selected@2x.png in Resources */ = {isa = PBXBuildFile; fileRef = 4E70CF7C1B4A741200A88A4D /* selected@2x.png */; };
		4E70CF981B4B8D8B00A88A4D /* FolderCoverView.m in Sources */ = {isa = PBXBuildFile; fileRef = 4E70CF931B4B8D8B00A88A4D /* FolderCoverView.m */; settings = {COMPILER_FLAGS = "-fno-objc-arc"; }; };
		4E70CF991B4B8D8B00A88A4D /* UIFolderTableView.m in Sources */ = {isa = PBXBuildFile; fileRef = 4E70CF951B4B8D8B00A88A4D /* UIFolderTableView.m */; settings = {COMPILER_FLAGS = "-fno-objc-arc"; }; };
		4E70CF9A1B4B8D8B00A88A4D /* UIView+screenshot.m in Sources */ = {isa = PBXBuildFile; fileRef = 4E70CF971B4B8D8B00A88A4D /* UIView+screenshot.m */; settings = {COMPILER_FLAGS = "-fno-objc-arc"; }; };
		4E70CFA21B4BA0E600A88A4D /* ViewController.m in Sources */ = {isa = PBXBuildFile; fileRef = 4E70CFA01B4BA0E600A88A4D /* ViewController.m */; };
		4E70CFA31B4BA0E600A88A4D /* ViewController.xib in Resources */ = {isa = PBXBuildFile; fileRef = 4E70CFA11B4BA0E600A88A4D /* ViewController.xib */; };
		4E70CFA71B4BA1A300A88A4D /* SubCateViewController.m in Sources */ = {isa = PBXBuildFile; fileRef = 4E70CFA51B4BA1A300A88A4D /* SubCateViewController.m */; };
		4E70CFA81B4BA1A300A88A4D /* SubCateViewController.xib in Resources */ = {isa = PBXBuildFile; fileRef = 4E70CFA61B4BA1A300A88A4D /* SubCateViewController.xib */; };
		4E70CFB61B4BBCD000A88A4D /* Calendar.m in Sources */ = {isa = PBXBuildFile; fileRef = 4E70CFB31B4BBCD000A88A4D /* Calendar.m */; };
		4E70CFB71B4BBCD000A88A4D /* Event.m in Sources */ = {isa = PBXBuildFile; fileRef = 4E70CFB51B4BBCD000A88A4D /* Event.m */; };
		4E70CFBC1B4BCD7D00A88A4D /* select.png in Resources */ = {isa = PBXBuildFile; fileRef = 4E70CFBB1B4BCD7D00A88A4D /* select.png */; };
		D7DBFF281B46261300A1F3A4 /* calendarViewController.m in Sources */ = {isa = PBXBuildFile; fileRef = D7DBFF271B46261300A1F3A4 /* calendarViewController.m */; };
		D7DBFF2E1B465E8F00A1F3A4 /* CoreData.framework in Frameworks */ = {isa = PBXBuildFile; fileRef = D7DBFF2D1B465E8F00A1F3A4 /* CoreData.framework */; };
		D7DDA7001B44C5FB00B211C5 /* main.m in Sources */ = {isa = PBXBuildFile; fileRef = D7DDA6FF1B44C5FB00B211C5 /* main.m */; };
		D7DDA7031B44C5FB00B211C5 /* AppDelegate.m in Sources */ = {isa = PBXBuildFile; fileRef = D7DDA7021B44C5FB00B211C5 /* AppDelegate.m */; };
		D7DDA7061B44C5FB00B211C5 /* calendar.xcdatamodeld in Sources */ = {isa = PBXBuildFile; fileRef = D7DDA7041B44C5FB00B211C5 /* calendar.xcdatamodeld */; };
		D7DDA70E1B44C5FB00B211C5 /* Images.xcassets in Resources */ = {isa = PBXBuildFile; fileRef = D7DDA70D1B44C5FB00B211C5 /* Images.xcassets */; };
		D7DDA71D1B44C5FB00B211C5 /* calendarTests.m in Sources */ = {isa = PBXBuildFile; fileRef = D7DDA71C1B44C5FB00B211C5 /* calendarTests.m */; };
		D7DDA7291B44C66C00B211C5 /* mainViewController.m in Sources */ = {isa = PBXBuildFile; fileRef = D7DDA7281B44C66C00B211C5 /* mainViewController.m */; };
		D7DDA72B1B44C6F400B211C5 /* Images-2.xcassets in Resources */ = {isa = PBXBuildFile; fileRef = D7DDA72A1B44C6F400B211C5 /* Images-2.xcassets */; };
		D7DDA73B1B4502D400B211C5 /* EditViewController.m in Sources */ = {isa = PBXBuildFile; fileRef = D7DDA73A1B4502D400B211C5 /* EditViewController.m */; };
		D7DDA73D1B45040500B211C5 /* EventKit.framework in Frameworks */ = {isa = PBXBuildFile; fileRef = D7DDA73C1B45040500B211C5 /* EventKit.framework */; };
/* End PBXBuildFile section */

/* Begin PBXContainerItemProxy section */
		D7DDA7171B44C5FB00B211C5 /* PBXContainerItemProxy */ = {
			isa = PBXContainerItemProxy;
			containerPortal = D7DDA6F21B44C5FB00B211C5 /* Project object */;
			proxyType = 1;
			remoteGlobalIDString = D7DDA6F91B44C5FB00B211C5;
			remoteInfo = calendar;
		};
/* End PBXContainerItemProxy section */

/* Begin PBXFileReference section */
		4E2FD4CB1B47C12E00DB7E11 /* pickView.h */ = {isa = PBXFileReference; fileEncoding = 4; lastKnownFileType = sourcecode.c.h; path = pickView.h; sourceTree = "<group>"; };
		4E2FD4CC1B47C12E00DB7E11 /* pickView.m */ = {isa = PBXFileReference; fileEncoding = 4; lastKnownFileType = sourcecode.c.objc; path = pickView.m; sourceTree = "<group>"; };
		4E2FD4CE1B47C61E00DB7E11 /* CalendarView.h */ = {isa = PBXFileReference; fileEncoding = 4; lastKnownFileType = sourcecode.c.h; path = CalendarView.h; sourceTree = "<group>"; };
		4E2FD4CF1B47C61E00DB7E11 /* CalendarView.m */ = {isa = PBXFileReference; fileEncoding = 4; lastKnownFileType = sourcecode.c.objc; path = CalendarView.m; sourceTree = "<group>"; };
		4E70CF6A1B4A173800A88A4D /* TodayViewController.h */ = {isa = PBXFileReference; fileEncoding = 4; lastKnownFileType = sourcecode.c.h; name = TodayViewController.h; path = ../TodayViewController.h; sourceTree = "<group>"; };
		4E70CF6B1B4A173800A88A4D /* TodayViewController.m */ = {isa = PBXFileReference; fileEncoding = 4; lastKnownFileType = sourcecode.c.objc; name = TodayViewController.m; path = ../TodayViewController.m; sourceTree = "<group>"; };
		4E70CF6D1B4A176000A88A4D /* CalendarsViewController.h */ = {isa = PBXFileReference; fileEncoding = 4; lastKnownFileType = sourcecode.c.h; name = CalendarsViewController.h; path = ../CalendarsViewController.h; sourceTree = "<group>"; };
		4E70CF6E1B4A176000A88A4D /* CalendarsViewController.m */ = {isa = PBXFileReference; fileEncoding = 4; lastKnownFileType = sourcecode.c.objc; name = CalendarsViewController.m; path = ../CalendarsViewController.m; sourceTree = "<group>"; };
		4E70CF701B4A177A00A88A4D /* AddCalendarsViewController.h */ = {isa = PBXFileReference; fileEncoding = 4; lastKnownFileType = sourcecode.c.h; name = AddCalendarsViewController.h; path = ../AddCalendarsViewController.h; sourceTree = "<group>"; };
		4E70CF711B4A177A00A88A4D /* AddCalendarsViewController.m */ = {isa = PBXFileReference; fileEncoding = 4; lastKnownFileType = sourcecode.c.objc; name = AddCalendarsViewController.m; path = ../AddCalendarsViewController.m; sourceTree = "<group>"; };
		4E70CF731B4A186F00A88A4D /* SecondCarlendarViewController.h */ = {isa = PBXFileReference; fileEncoding = 4; lastKnownFileType = sourcecode.c.h; name = SecondCarlendarViewController.h; path = ../SecondCarlendarViewController.h; sourceTree = "<group>"; };
		4E70CF741B4A186F00A88A4D /* SecondCarlendarViewController.m */ = {isa = PBXFileReference; fileEncoding = 4; lastKnownFileType = sourcecode.c.objc; name = SecondCarlendarViewController.m; path = ../SecondCarlendarViewController.m; sourceTree = "<group>"; };
		4E70CF781B4A1AE700A88A4D /* tabbar_background@2x.png */ = {isa = PBXFileReference; lastKnownFileType = image.png; path = "tabbar_background@2x.png"; sourceTree = "<group>"; };
		4E70CF791B4A1AE700A88A4D /* tabbar_slider@2x.png */ = {isa = PBXFileReference; lastKnownFileType = image.png; path = "tabbar_slider@2x.png"; sourceTree = "<group>"; };
		4E70CF7C1B4A741200A88A4D /* selected@2x.png */ = {isa = PBXFileReference; lastKnownFileType = image.png; path = "selected@2x.png"; sourceTree = "<group>"; };
		4E70CF921B4B8D8B00A88A4D /* FolderCoverView.h */ = {isa = PBXFileReference; fileEncoding = 4; lastKnownFileType = sourcecode.c.h; path = FolderCoverView.h; sourceTree = "<group>"; };
		4E70CF931B4B8D8B00A88A4D /* FolderCoverView.m */ = {isa = PBXFileReference; fileEncoding = 4; lastKnownFileType = sourcecode.c.objc; path = FolderCoverView.m; sourceTree = "<group>"; };
		4E70CF941B4B8D8B00A88A4D /* UIFolderTableView.h */ = {isa = PBXFileReference; fileEncoding = 4; lastKnownFileType = sourcecode.c.h; path = UIFolderTableView.h; sourceTree = "<group>"; };
		4E70CF951B4B8D8B00A88A4D /* UIFolderTableView.m */ = {isa = PBXFileReference; fileEncoding = 4; lastKnownFileType = sourcecode.c.objc; path = UIFolderTableView.m; sourceTree = "<group>"; };
		4E70CF961B4B8D8B00A88A4D /* UIView+screenshot.h */ = {isa = PBXFileReference; fileEncoding = 4; lastKnownFileType = sourcecode.c.h; path = "UIView+screenshot.h"; sourceTree = "<group>"; };
		4E70CF971B4B8D8B00A88A4D /* UIView+screenshot.m */ = {isa = PBXFileReference; fileEncoding = 4; lastKnownFileType = sourcecode.c.objc; path = "UIView+screenshot.m"; sourceTree = "<group>"; };
		4E70CF9F1B4BA0E600A88A4D /* ViewController.h */ = {isa = PBXFileReference; fileEncoding = 4; lastKnownFileType = sourcecode.c.h; name = ViewController.h; path = ../ViewController.h; sourceTree = "<group>"; };
		4E70CFA01B4BA0E600A88A4D /* ViewController.m */ = {isa = PBXFileReference; fileEncoding = 4; lastKnownFileType = sourcecode.c.objc; name = ViewController.m; path = ../ViewController.m; sourceTree = "<group>"; };
		4E70CFA11B4BA0E600A88A4D /* ViewController.xib */ = {isa = PBXFileReference; fileEncoding = 4; lastKnownFileType = file.xib; name = ViewController.xib; path = ../ViewController.xib; sourceTree = "<group>"; };
		4E70CFA41B4BA1A300A88A4D /* SubCateViewController.h */ = {isa = PBXFileReference; fileEncoding = 4; lastKnownFileType = sourcecode.c.h; name = SubCateViewController.h; path = ../SubCateViewController.h; sourceTree = "<group>"; };
		4E70CFA51B4BA1A300A88A4D /* SubCateViewController.m */ = {isa = PBXFileReference; fileEncoding = 4; lastKnownFileType = sourcecode.c.objc; name = SubCateViewController.m; path = ../SubCateViewController.m; sourceTree = "<group>"; };
		4E70CFA61B4BA1A300A88A4D /* SubCateViewController.xib */ = {isa = PBXFileReference; fileEncoding = 4; lastKnownFileType = file.xib; name = SubCateViewController.xib; path = ../SubCateViewController.xib; sourceTree = "<group>"; };
		4E70CFB21B4BBCD000A88A4D /* Calendar.h */ = {isa = PBXFileReference; fileEncoding = 4; lastKnownFileType = sourcecode.c.h; path = Calendar.h; sourceTree = "<group>"; };
		4E70CFB31B4BBCD000A88A4D /* Calendar.m */ = {isa = PBXFileReference; fileEncoding = 4; lastKnownFileType = sourcecode.c.objc; path = Calendar.m; sourceTree = "<group>"; };
		4E70CFB41B4BBCD000A88A4D /* Event.h */ = {isa = PBXFileReference; fileEncoding = 4; lastKnownFileType = sourcecode.c.h; path = Event.h; sourceTree = "<group>"; };
		4E70CFB51B4BBCD000A88A4D /* Event.m */ = {isa = PBXFileReference; fileEncoding = 4; lastKnownFileType = sourcecode.c.objc; path = Event.m; sourceTree = "<group>"; };
		4E70CFBB1B4BCD7D00A88A4D /* select.png */ = {isa = PBXFileReference; lastKnownFileType = image.png; path = select.png; sourceTree = "<group>"; };
		D7DBFF261B46261300A1F3A4 /* calendarViewController.h */ = {isa = PBXFileReference; fileEncoding = 4; lastKnownFileType = sourcecode.c.h; name = calendarViewController.h; path = ../calendarViewController.h; sourceTree = "<group>"; };
		D7DBFF271B46261300A1F3A4 /* calendarViewController.m */ = {isa = PBXFileReference; fileEncoding = 4; lastKnownFileType = sourcecode.c.objc; name = calendarViewController.m; path = ../calendarViewController.m; sourceTree = "<group>"; };
		D7DBFF2D1B465E8F00A1F3A4 /* CoreData.framework */ = {isa = PBXFileReference; lastKnownFileType = wrapper.framework; name = CoreData.framework; path = System/Library/Frameworks/CoreData.framework; sourceTree = SDKROOT; };
		D7DDA6FA1B44C5FB00B211C5 /* calendar.app */ = {isa = PBXFileReference; explicitFileType = wrapper.application; includeInIndex = 0; path = calendar.app; sourceTree = BUILT_PRODUCTS_DIR; };
		D7DDA6FE1B44C5FB00B211C5 /* Info.plist */ = {isa = PBXFileReference; lastKnownFileType = text.plist.xml; path = Info.plist; sourceTree = "<group>"; };
		D7DDA6FF1B44C5FB00B211C5 /* main.m */ = {isa = PBXFileReference; lastKnownFileType = sourcecode.c.objc; path = main.m; sourceTree = "<group>"; };
		D7DDA7011B44C5FB00B211C5 /* AppDelegate.h */ = {isa = PBXFileReference; lastKnownFileType = sourcecode.c.h; path = AppDelegate.h; sourceTree = "<group>"; };
		D7DDA7021B44C5FB00B211C5 /* AppDelegate.m */ = {isa = PBXFileReference; lastKnownFileType = sourcecode.c.objc; path = AppDelegate.m; sourceTree = "<group>"; };
		D7DDA7051B44C5FB00B211C5 /* calendar.xcdatamodel */ = {isa = PBXFileReference; lastKnownFileType = wrapper.xcdatamodel; path = calendar.xcdatamodel; sourceTree = "<group>"; };
		D7DDA70D1B44C5FB00B211C5 /* Images.xcassets */ = {isa = PBXFileReference; lastKnownFileType = folder.assetcatalog; path = Images.xcassets; sourceTree = "<group>"; };
		D7DDA7161B44C5FB00B211C5 /* calendarTests.xctest */ = {isa = PBXFileReference; explicitFileType = wrapper.cfbundle; includeInIndex = 0; path = calendarTests.xctest; sourceTree = BUILT_PRODUCTS_DIR; };
		D7DDA71B1B44C5FB00B211C5 /* Info.plist */ = {isa = PBXFileReference; lastKnownFileType = text.plist.xml; path = Info.plist; sourceTree = "<group>"; };
		D7DDA71C1B44C5FB00B211C5 /* calendarTests.m */ = {isa = PBXFileReference; lastKnownFileType = sourcecode.c.objc; path = calendarTests.m; sourceTree = "<group>"; };
		D7DDA7271B44C66C00B211C5 /* mainViewController.h */ = {isa = PBXFileReference; fileEncoding = 4; lastKnownFileType = sourcecode.c.h; name = mainViewController.h; path = ../mainViewController.h; sourceTree = "<group>"; };
		D7DDA7281B44C66C00B211C5 /* mainViewController.m */ = {isa = PBXFileReference; fileEncoding = 4; lastKnownFileType = sourcecode.c.objc; name = mainViewController.m; path = ../mainViewController.m; sourceTree = "<group>"; };
		D7DDA72A1B44C6F400B211C5 /* Images-2.xcassets */ = {isa = PBXFileReference; lastKnownFileType = folder.assetcatalog; path = "Images-2.xcassets"; sourceTree = "<group>"; };
		D7DDA7391B4502D400B211C5 /* EditViewController.h */ = {isa = PBXFileReference; fileEncoding = 4; lastKnownFileType = sourcecode.c.h; name = EditViewController.h; path = ../EditViewController.h; sourceTree = "<group>"; };
		D7DDA73A1B4502D400B211C5 /* EditViewController.m */ = {isa = PBXFileReference; fileEncoding = 4; lastKnownFileType = sourcecode.c.objc; name = EditViewController.m; path = ../EditViewController.m; sourceTree = "<group>"; };
		D7DDA73C1B45040500B211C5 /* EventKit.framework */ = {isa = PBXFileReference; lastKnownFileType = wrapper.framework; name = EventKit.framework; path = System/Library/Frameworks/EventKit.framework; sourceTree = SDKROOT; };
/* End PBXFileReference section */

/* Begin PBXFrameworksBuildPhase section */
		D7DDA6F71B44C5FB00B211C5 /* Frameworks */ = {
			isa = PBXFrameworksBuildPhase;
			buildActionMask = 2147483647;
			files = (
				D7DBFF2E1B465E8F00A1F3A4 /* CoreData.framework in Frameworks */,
				D7DDA73D1B45040500B211C5 /* EventKit.framework in Frameworks */,
			);
			runOnlyForDeploymentPostprocessing = 0;
		};
		D7DDA7131B44C5FB00B211C5 /* Frameworks */ = {
			isa = PBXFrameworksBuildPhase;
			buildActionMask = 2147483647;
			files = (
			);
			runOnlyForDeploymentPostprocessing = 0;
		};
/* End PBXFrameworksBuildPhase section */

/* Begin PBXGroup section */
		4E2FD4CA1B47C12E00DB7E11 /* view */ = {
			isa = PBXGroup;
			children = (
				4E2FD4CE1B47C61E00DB7E11 /* CalendarView.h */,
				4E2FD4CF1B47C61E00DB7E11 /* CalendarView.m */,
				4E2FD4CB1B47C12E00DB7E11 /* pickView.h */,
				4E2FD4CC1B47C12E00DB7E11 /* pickView.m */,
			);
			path = view;
			sourceTree = "<group>";
		};
		4E70CF661B4A15D000A88A4D /* categroy */ = {
			isa = PBXGroup;
			children = (
				4E70CFB11B4BBCD000A88A4D /* modle */,
				4E70CF911B4B8D8B00A88A4D /* Floder */,
			);
			path = categroy;
			sourceTree = "<group>";
		};
		4E70CF761B4A189800A88A4D /* eventCal */ = {
			isa = PBXGroup;
			children = (
				4E70CF6A1B4A173800A88A4D /* TodayViewController.h */,
				4E70CF6B1B4A173800A88A4D /* TodayViewController.m */,
				4E70CF6D1B4A176000A88A4D /* CalendarsViewController.h */,
				4E70CF6E1B4A176000A88A4D /* CalendarsViewController.m */,
				4E70CF701B4A177A00A88A4D /* AddCalendarsViewController.h */,
				4E70CF711B4A177A00A88A4D /* AddCalendarsViewController.m */,
				4E70CF731B4A186F00A88A4D /* SecondCarlendarViewController.h */,
				4E70CF741B4A186F00A88A4D /* SecondCarlendarViewController.m */,
			);
			path = eventCal;
			sourceTree = "<group>";
		};
		4E70CF771B4A1ACA00A88A4D /* resource */ = {
			isa = PBXGroup;
			children = (
				4E70CFBB1B4BCD7D00A88A4D /* select.png */,
				4E70CF7C1B4A741200A88A4D /* selected@2x.png */,
				4E70CF781B4A1AE700A88A4D /* tabbar_background@2x.png */,
				4E70CF791B4A1AE700A88A4D /* tabbar_slider@2x.png */,
			);
			path = resource;
			sourceTree = "<group>";
		};
		4E70CF911B4B8D8B00A88A4D /* Floder */ = {
			isa = PBXGroup;
			children = (
				4E70CF921B4B8D8B00A88A4D /* FolderCoverView.h */,
				4E70CF931B4B8D8B00A88A4D /* FolderCoverView.m */,
				4E70CF941B4B8D8B00A88A4D /* UIFolderTableView.h */,
				4E70CF951B4B8D8B00A88A4D /* UIFolderTableView.m */,
				4E70CF961B4B8D8B00A88A4D /* UIView+screenshot.h */,
				4E70CF971B4B8D8B00A88A4D /* UIView+screenshot.m */,
			);
			path = Floder;
			sourceTree = "<group>";
		};
		4E70CFA91B4BA27400A88A4D /* calendar */ = {
			isa = PBXGroup;
			children = (
				D7DDA7391B4502D400B211C5 /* EditViewController.h */,
				D7DDA73A1B4502D400B211C5 /* EditViewController.m */,
				D7DBFF261B46261300A1F3A4 /* calendarViewController.h */,
				D7DBFF271B46261300A1F3A4 /* calendarViewController.m */,
				4E70CF9F1B4BA0E600A88A4D /* ViewController.h */,
				4E70CFA01B4BA0E600A88A4D /* ViewController.m */,
				4E70CFA11B4BA0E600A88A4D /* ViewController.xib */,
				4E70CFA41B4BA1A300A88A4D /* SubCateViewController.h */,
				4E70CFA51B4BA1A300A88A4D /* SubCateViewController.m */,
				4E70CFA61B4BA1A300A88A4D /* SubCateViewController.xib */,
			);
			name = calendar;
			path = eventCal;
			sourceTree = "<group>";
		};
		4E70CFB11B4BBCD000A88A4D /* modle */ = {
			isa = PBXGroup;
			children = (
				4E70CFB21B4BBCD000A88A4D /* Calendar.h */,
				4E70CFB31B4BBCD000A88A4D /* Calendar.m */,
				4E70CFB41B4BBCD000A88A4D /* Event.h */,
				4E70CFB51B4BBCD000A88A4D /* Event.m */,
			);
			path = modle;
			sourceTree = "<group>";
		};
		D7DDA6F11B44C5FB00B211C5 = {
			isa = PBXGroup;
			children = (
				D7DBFF2D1B465E8F00A1F3A4 /* CoreData.framework */,
				D7DDA73C1B45040500B211C5 /* EventKit.framework */,
				D7DDA7261B44C63600B211C5 /* classes */,
				D7DDA6FC1B44C5FB00B211C5 /* calendar */,
				D7DDA7191B44C5FB00B211C5 /* calendarTests */,
				D7DDA6FB1B44C5FB00B211C5 /* Products */,
			);
			sourceTree = "<group>";
		};
		D7DDA6FB1B44C5FB00B211C5 /* Products */ = {
			isa = PBXGroup;
			children = (
				D7DDA6FA1B44C5FB00B211C5 /* calendar.app */,
				D7DDA7161B44C5FB00B211C5 /* calendarTests.xctest */,
			);
			name = Products;
			sourceTree = "<group>";
		};
		D7DDA6FC1B44C5FB00B211C5 /* calendar */ = {
			isa = PBXGroup;
			children = (
				4E70CF771B4A1ACA00A88A4D /* resource */,
				D7DDA7011B44C5FB00B211C5 /* AppDelegate.h */,
				D7DDA7021B44C5FB00B211C5 /* AppDelegate.m */,
				D7DDA70D1B44C5FB00B211C5 /* Images.xcassets */,
				D7DDA7041B44C5FB00B211C5 /* calendar.xcdatamodeld */,
				D7DDA72A1B44C6F400B211C5 /* Images-2.xcassets */,
				D7DDA6FD1B44C5FB00B211C5 /* Supporting Files */,
			);
			path = calendar;
			sourceTree = "<group>";
		};
		D7DDA6FD1B44C5FB00B211C5 /* Supporting Files */ = {
			isa = PBXGroup;
			children = (
				D7DDA6FE1B44C5FB00B211C5 /* Info.plist */,
				D7DDA6FF1B44C5FB00B211C5 /* main.m */,
			);
			name = "Supporting Files";
			sourceTree = "<group>";
		};
		D7DDA7191B44C5FB00B211C5 /* calendarTests */ = {
			isa = PBXGroup;
			children = (
				D7DDA71C1B44C5FB00B211C5 /* calendarTests.m */,
				D7DDA71A1B44C5FB00B211C5 /* Supporting Files */,
			);
			path = calendarTests;
			sourceTree = "<group>";
		};
		D7DDA71A1B44C5FB00B211C5 /* Supporting Files */ = {
			isa = PBXGroup;
			children = (
				D7DDA71B1B44C5FB00B211C5 /* Info.plist */,
			);
			name = "Supporting Files";
			sourceTree = "<group>";
		};
		D7DDA7261B44C63600B211C5 /* classes */ = {
			isa = PBXGroup;
			children = (
				4E70CF661B4A15D000A88A4D /* categroy */,
				D7DDA7381B4502B500B211C5 /* controller */,
				D7DDA72C1B44C84D00B211C5 /* other */,
				4E2FD4CA1B47C12E00DB7E11 /* view */,
			);
			path = classes;
			sourceTree = "<group>";
		};
		D7DDA72C1B44C84D00B211C5 /* other */ = {
			isa = PBXGroup;
			children = (
				D7DDA7271B44C66C00B211C5 /* mainViewController.h */,
				D7DDA7281B44C66C00B211C5 /* mainViewController.m */,
			);
			path = other;
			sourceTree = "<group>";
		};
		D7DDA7381B4502B500B211C5 /* controller */ = {
			isa = PBXGroup;
			children = (
				4E70CF761B4A189800A88A4D /* eventCal */,
				4E70CFA91B4BA27400A88A4D /* calendar */,
			);
			path = controller;
			sourceTree = "<group>";
		};
/* End PBXGroup section */

/* Begin PBXNativeTarget section */
		D7DDA6F91B44C5FB00B211C5 /* calendar */ = {
			isa = PBXNativeTarget;
			buildConfigurationList = D7DDA7201B44C5FB00B211C5 /* Build configuration list for PBXNativeTarget "calendar" */;
			buildPhases = (
				D7DDA6F61B44C5FB00B211C5 /* Sources */,
				D7DDA6F71B44C5FB00B211C5 /* Frameworks */,
				D7DDA6F81B44C5FB00B211C5 /* Resources */,
			);
			buildRules = (
			);
			dependencies = (
			);
			name = calendar;
			productName = calendar;
			productReference = D7DDA6FA1B44C5FB00B211C5 /* calendar.app */;
			productType = "com.apple.product-type.application";
		};
		D7DDA7151B44C5FB00B211C5 /* calendarTests */ = {
			isa = PBXNativeTarget;
			buildConfigurationList = D7DDA7231B44C5FB00B211C5 /* Build configuration list for PBXNativeTarget "calendarTests" */;
			buildPhases = (
				D7DDA7121B44C5FB00B211C5 /* Sources */,
				D7DDA7131B44C5FB00B211C5 /* Frameworks */,
				D7DDA7141B44C5FB00B211C5 /* Resources */,
			);
			buildRules = (
			);
			dependencies = (
				D7DDA7181B44C5FB00B211C5 /* PBXTargetDependency */,
			);
			name = calendarTests;
			productName = calendarTests;
			productReference = D7DDA7161B44C5FB00B211C5 /* calendarTests.xctest */;
			productType = "com.apple.product-type.bundle.unit-test";
		};
/* End PBXNativeTarget section */

/* Begin PBXProject section */
		D7DDA6F21B44C5FB00B211C5 /* Project object */ = {
			isa = PBXProject;
			attributes = {
				LastUpgradeCheck = 0630;
				ORGANIZATIONNAME = APPXY;
				TargetAttributes = {
					D7DDA6F91B44C5FB00B211C5 = {
						CreatedOnToolsVersion = 6.3.2;
					};
					D7DDA7151B44C5FB00B211C5 = {
						CreatedOnToolsVersion = 6.3.2;
						TestTargetID = D7DDA6F91B44C5FB00B211C5;
					};
				};
			};
			buildConfigurationList = D7DDA6F51B44C5FB00B211C5 /* Build configuration list for PBXProject "calendar" */;
			compatibilityVersion = "Xcode 3.2";
			developmentRegion = English;
			hasScannedForEncodings = 0;
			knownRegions = (
				en,
				Base,
			);
			mainGroup = D7DDA6F11B44C5FB00B211C5;
			productRefGroup = D7DDA6FB1B44C5FB00B211C5 /* Products */;
			projectDirPath = "";
			projectRoot = "";
			targets = (
				D7DDA6F91B44C5FB00B211C5 /* calendar */,
				D7DDA7151B44C5FB00B211C5 /* calendarTests */,
			);
		};
/* End PBXProject section */

/* Begin PBXResourcesBuildPhase section */
		D7DDA6F81B44C5FB00B211C5 /* Resources */ = {
			isa = PBXResourcesBuildPhase;
			buildActionMask = 2147483647;
			files = (
				D7DDA72B1B44C6F400B211C5 /* Images-2.xcassets in Resources */,
				D7DDA70E1B44C5FB00B211C5 /* Images.xcassets in Resources */,
				4E70CF7D1B4A741200A88A4D /* selected@2x.png in Resources */,
				4E70CF7A1B4A1AE700A88A4D /* tabbar_background@2x.png in Resources */,
				4E70CFA81B4BA1A300A88A4D /* SubCateViewController.xib in Resources */,
				4E70CFA31B4BA0E600A88A4D /* ViewController.xib in Resources */,
				4E70CFBC1B4BCD7D00A88A4D /* select.png in Resources */,
				4E70CF7B1B4A1AE700A88A4D /* tabbar_slider@2x.png in Resources */,
			);
			runOnlyForDeploymentPostprocessing = 0;
		};
		D7DDA7141B44C5FB00B211C5 /* Resources */ = {
			isa = PBXResourcesBuildPhase;
			buildActionMask = 2147483647;
			files = (
			);
			runOnlyForDeploymentPostprocessing = 0;
		};
/* End PBXResourcesBuildPhase section */

/* Begin PBXSourcesBuildPhase section */
		D7DDA6F61B44C5FB00B211C5 /* Sources */ = {
			isa = PBXSourcesBuildPhase;
			buildActionMask = 2147483647;
			files = (
				4E70CFA71B4BA1A300A88A4D /* SubCateViewController.m in Sources */,
				4E70CFA21B4BA0E600A88A4D /* ViewController.m in Sources */,
				4E70CF6F1B4A176000A88A4D /* CalendarsViewController.m in Sources */,
				4E70CF751B4A186F00A88A4D /* SecondCarlendarViewController.m in Sources */,
				D7DDA7031B44C5FB00B211C5 /* AppDelegate.m in Sources */,
				4E2FD4D01B47C61E00DB7E11 /* CalendarView.m in Sources */,
				4E70CFB71B4BBCD000A88A4D /* Event.m in Sources */,
				4E70CF991B4B8D8B00A88A4D /* UIFolderTableView.m in Sources */,
				D7DDA7061B44C5FB00B211C5 /* calendar.xcdatamodeld in Sources */,
				4E70CF981B4B8D8B00A88A4D /* FolderCoverView.m in Sources */,
				4E70CFB61B4BBCD000A88A4D /* Calendar.m in Sources */,
				4E70CF6C1B4A173800A88A4D /* TodayViewController.m in Sources */,
				D7DDA7001B44C5FB00B211C5 /* main.m in Sources */,
				4E70CF721B4A177A00A88A4D /* AddCalendarsViewController.m in Sources */,
				4E2FD4CD1B47C12E00DB7E11 /* pickView.m in Sources */,
				4E70CF9A1B4B8D8B00A88A4D /* UIView+screenshot.m in Sources */,
				D7DDA7291B44C66C00B211C5 /* mainViewController.m in Sources */,
				D7DDA73B1B4502D400B211C5 /* EditViewController.m in Sources */,
				D7DBFF281B46261300A1F3A4 /* calendarViewController.m in Sources */,
			);
			runOnlyForDeploymentPostprocessing = 0;
		};
		D7DDA7121B44C5FB00B211C5 /* Sources */ = {
			isa = PBXSourcesBuildPhase;
			buildActionMask = 2147483647;
			files = (
				D7DDA71D1B44C5FB00B211C5 /* calendarTests.m in Sources */,
			);
			runOnlyForDeploymentPostprocessing = 0;
		};
/* End PBXSourcesBuildPhase section */

/* Begin PBXTargetDependency section */
		D7DDA7181B44C5FB00B211C5 /* PBXTargetDependency */ = {
			isa = PBXTargetDependency;
			target = D7DDA6F91B44C5FB00B211C5 /* calendar */;
			targetProxy = D7DDA7171B44C5FB00B211C5 /* PBXContainerItemProxy */;
		};
/* End PBXTargetDependency section */

/* Begin XCBuildConfiguration section */
		D7DDA71E1B44C5FB00B211C5 /* Debug */ = {
			isa = XCBuildConfiguration;
			buildSettings = {
				ALWAYS_SEARCH_USER_PATHS = NO;
				CLANG_CXX_LANGUAGE_STANDARD = "gnu++0x";
				CLANG_CXX_LIBRARY = "libc++";
				CLANG_ENABLE_MODULES = YES;
				CLANG_ENABLE_OBJC_ARC = YES;
				CLANG_WARN_BOOL_CONVERSION = YES;
				CLANG_WARN_CONSTANT_CONVERSION = YES;
				CLANG_WARN_DIRECT_OBJC_ISA_USAGE = YES_ERROR;
				CLANG_WARN_EMPTY_BODY = YES;
				CLANG_WARN_ENUM_CONVERSION = YES;
				CLANG_WARN_INT_CONVERSION = YES;
				CLANG_WARN_OBJC_ROOT_CLASS = YES_ERROR;
				CLANG_WARN_UNREACHABLE_CODE = YES;
				CLANG_WARN__DUPLICATE_METHOD_MATCH = YES;
				"CODE_SIGN_IDENTITY[sdk=iphoneos*]" = "iPhone Developer";
				COPY_PHASE_STRIP = NO;
				DEBUG_INFORMATION_FORMAT = "dwarf-with-dsym";
				ENABLE_STRICT_OBJC_MSGSEND = YES;
				GCC_C_LANGUAGE_STANDARD = gnu99;
				GCC_DYNAMIC_NO_PIC = NO;
				GCC_NO_COMMON_BLOCKS = YES;
				GCC_OPTIMIZATION_LEVEL = 0;
				GCC_PREPROCESSOR_DEFINITIONS = (
					"DEBUG=1",
					"$(inherited)",
				);
				GCC_SYMBOLS_PRIVATE_EXTERN = NO;
				GCC_WARN_64_TO_32_BIT_CONVERSION = YES;
				GCC_WARN_ABOUT_RETURN_TYPE = YES_ERROR;
				GCC_WARN_UNDECLARED_SELECTOR = YES;
				GCC_WARN_UNINITIALIZED_AUTOS = YES_AGGRESSIVE;
				GCC_WARN_UNUSED_FUNCTION = YES;
				GCC_WARN_UNUSED_VARIABLE = YES;
				IPHONEOS_DEPLOYMENT_TARGET = 8.3;
				MTL_ENABLE_DEBUG_INFO = YES;
				ONLY_ACTIVE_ARCH = YES;
				SDKROOT = iphoneos;
				TARGETED_DEVICE_FAMILY = "1,2";
			};
			name = Debug;
		};
		D7DDA71F1B44C5FB00B211C5 /* Release */ = {
			isa = XCBuildConfiguration;
			buildSettings = {
				ALWAYS_SEARCH_USER_PATHS = NO;
				CLANG_CXX_LANGUAGE_STANDARD = "gnu++0x";
				CLANG_CXX_LIBRARY = "libc++";
				CLANG_ENABLE_MODULES = YES;
				CLANG_ENABLE_OBJC_ARC = YES;
				CLANG_WARN_BOOL_CONVERSION = YES;
				CLANG_WARN_CONSTANT_CONVERSION = YES;
				CLANG_WARN_DIRECT_OBJC_ISA_USAGE = YES_ERROR;
				CLANG_WARN_EMPTY_BODY = YES;
				CLANG_WARN_ENUM_CONVERSION = YES;
				CLANG_WARN_INT_CONVERSION = YES;
				CLANG_WARN_OBJC_ROOT_CLASS = YES_ERROR;
				CLANG_WARN_UNREACHABLE_CODE = YES;
				CLANG_WARN__DUPLICATE_METHOD_MATCH = YES;
				"CODE_SIGN_IDENTITY[sdk=iphoneos*]" = "iPhone Developer";
				COPY_PHASE_STRIP = NO;
				DEBUG_INFORMATION_FORMAT = "dwarf-with-dsym";
				ENABLE_NS_ASSERTIONS = NO;
				ENABLE_STRICT_OBJC_MSGSEND = YES;
				GCC_C_LANGUAGE_STANDARD = gnu99;
				GCC_NO_COMMON_BLOCKS = YES;
				GCC_WARN_64_TO_32_BIT_CONVERSION = YES;
				GCC_WARN_ABOUT_RETURN_TYPE = YES_ERROR;
				GCC_WARN_UNDECLARED_SELECTOR = YES;
				GCC_WARN_UNINITIALIZED_AUTOS = YES_AGGRESSIVE;
				GCC_WARN_UNUSED_FUNCTION = YES;
				GCC_WARN_UNUSED_VARIABLE = YES;
				IPHONEOS_DEPLOYMENT_TARGET = 8.3;
				MTL_ENABLE_DEBUG_INFO = NO;
				SDKROOT = iphoneos;
				TARGETED_DEVICE_FAMILY = "1,2";
				VALIDATE_PRODUCT = YES;
			};
			name = Release;
		};
		D7DDA7211B44C5FB00B211C5 /* Debug */ = {
			isa = XCBuildConfiguration;
			buildSettings = {
				ASSETCATALOG_COMPILER_APPICON_NAME = AppIcon;
				INFOPLIST_FILE = calendar/Info.plist;
				IPHONEOS_DEPLOYMENT_TARGET = 8.1;
				LD_RUNPATH_SEARCH_PATHS = "$(inherited) @executable_path/Frameworks";
				PRODUCT_NAME = "$(TARGET_NAME)";
				TARGETED_DEVICE_FAMILY = 1;
			};
			name = Debug;
		};
		D7DDA7221B44C5FB00B211C5 /* Release */ = {
			isa = XCBuildConfiguration;
			buildSettings = {
				ASSETCATALOG_COMPILER_APPICON_NAME = AppIcon;
				INFOPLIST_FILE = calendar/Info.plist;
				IPHONEOS_DEPLOYMENT_TARGET = 8.1;
				LD_RUNPATH_SEARCH_PATHS = "$(inherited) @executable_path/Frameworks";
				PRODUCT_NAME = "$(TARGET_NAME)";
				TARGETED_DEVICE_FAMILY = 1;
			};
			name = Release;
		};
		D7DDA7241B44C5FB00B211C5 /* Debug */ = {
			isa = XCBuildConfiguration;
			buildSettings = {
				BUNDLE_LOADER = "$(TEST_HOST)";
				FRAMEWORK_SEARCH_PATHS = (
					"$(SDKROOT)/Developer/Library/Frameworks",
					"$(inherited)",
				);
				GCC_PREPROCESSOR_DEFINITIONS = (
					"DEBUG=1",
					"$(inherited)",
				);
				INFOPLIST_FILE = calendarTests/Info.plist;
				LD_RUNPATH_SEARCH_PATHS = "$(inherited) @executable_path/Frameworks @loader_path/Frameworks";
				PRODUCT_NAME = "$(TARGET_NAME)";
				TEST_HOST = "$(BUILT_PRODUCTS_DIR)/calendar.app/calendar";
			};
			name = Debug;
		};
		D7DDA7251B44C5FB00B211C5 /* Release */ = {
			isa = XCBuildConfiguration;
			buildSettings = {
				BUNDLE_LOADER = "$(TEST_HOST)";
				FRAMEWORK_SEARCH_PATHS = (
					"$(SDKROOT)/Developer/Library/Frameworks",
					"$(inherited)",
				);
				INFOPLIST_FILE = calendarTests/Info.plist;
				LD_RUNPATH_SEARCH_PATHS = "$(inherited) @executable_path/Frameworks @loader_path/Frameworks";
				PRODUCT_NAME = "$(TARGET_NAME)";
				TEST_HOST = "$(BUILT_PRODUCTS_DIR)/calendar.app/calendar";
			};
			name = Release;
		};
/* End XCBuildConfiguration section */

/* Begin XCConfigurationList section */
		D7DDA6F51B44C5FB00B211C5 /* Build configuration list for PBXProject "calendar" */ = {
			isa = XCConfigurationList;
			buildConfigurations = (
				D7DDA71E1B44C5FB00B211C5 /* Debug */,
				D7DDA71F1B44C5FB00B211C5 /* Release */,
			);
			defaultConfigurationIsVisible = 0;
			defaultConfigurationName = Release;
		};
		D7DDA7201B44C5FB00B211C5 /* Build configuration list for PBXNativeTarget "calendar" */ = {
			isa = XCConfigurationList;
			buildConfigurations = (
				D7DDA7211B44C5FB00B211C5 /* Debug */,
				D7DDA7221B44C5FB00B211C5 /* Release */,
			);
			defaultConfigurationIsVisible = 0;
			defaultConfigurationName = Release;
		};
		D7DDA7231B44C5FB00B211C5 /* Build configuration list for PBXNativeTarget "calendarTests" */ = {
			isa = XCConfigurationList;
			buildConfigurations = (
				D7DDA7241B44C5FB00B211C5 /* Debug */,
				D7DDA7251B44C5FB00B211C5 /* Release */,
			);
			defaultConfigurationIsVisible = 0;
			defaultConfigurationName = Release;
		};
/* End XCConfigurationList section */

/* Begin XCVersionGroup section */
		D7DDA7041B44C5FB00B211C5 /* calendar.xcdatamodeld */ = {
			isa = XCVersionGroup;
			children = (
				D7DDA7051B44C5FB00B211C5 /* calendar.xcdatamodel */,
			);
			currentVersion = D7DDA7051B44C5FB00B211C5 /* calendar.xcdatamodel */;
			path = calendar.xcdatamodeld;
			sourceTree = "<group>";
			versionGroupType = wrapper.xcdatamodel;
		};
/* End XCVersionGroup section */
	};
	rootObject = D7DDA6F21B44C5FB00B211C5 /* Project object */;
}
